<?xml version="1.0" encoding="utf-8"?>
<Project ToolsVersion="4.0" xmlns="http://schemas.microsoft.com/developer/msbuild/2003">
  <ItemGroup>
    <ClCompile Include="Camera.cpp" />
    <ClCompile Include="Control.cpp" />
    <ClCompile Include="GameAsset.cpp" />
    <ClCompile Include="GameObject.cpp" />
    <ClCompile Include="GameTime.cpp" />
    <ClCompile Include="Graphics.cpp" />
    <ClCompile Include="LuaScript.cpp" />
    <ClCompile Include="main.cpp" />
    <ClCompile Include="ParticleEmmitter.cpp" />
    <ClCompile Include="Terrain.cpp" />
    <ClCompile Include="World.cpp" />
    <ClCompile Include="textureHandler\bmpLoader.cpp">
      <Filter>textrueHandle</Filter>
    </ClCompile>
    <ClCompile Include="textureHandler\imageFactory.cpp">
      <Filter>textrueHandle</Filter>
    </ClCompile>
    <ClCompile Include="textureHandler\multitexture.cpp">
      <Filter>textrueHandle</Filter>
    </ClCompile>
    <ClCompile Include="Texture.cpp">
      <Filter>textrueHandle</Filter>
    </ClCompile>
    <ClCompile Include="textureHandler\textureGenerator.cpp">
      <Filter>textrueHandle</Filter>
    </ClCompile>
    <ClCompile Include="textureHandler\textureManager.cpp">
      <Filter>textrueHandle</Filter>
    </ClCompile>
    <ClCompile Include="textureHandler\tgaLoader.cpp">
      <Filter>textrueHandle</Filter>
    </ClCompile>
    <ClCompile Include="textureHandler\pcx.cpp">
      <Filter>textrueHandle</Filter>
    </ClCompile>
    <ClCompile Include="AssimpLoader.cpp">
      <Filter>AssimpLoader</Filter>
    </ClCompile>
    <ClCompile Include="Mesh.cpp">
      <Filter>AssimpLoader</Filter>
    </ClCompile>
    <ClCompile Include="MD2Loader\md2Header.cpp">
      <Filter>MD2Loader</Filter>
    </ClCompile>
    <ClCompile Include="MD2Loader\md2Loader.cpp">
      <Filter>MD2Loader</Filter>
    </ClCompile>
    <ClCompile Include="vector\vector.cpp">
      <Filter>Vector</Filter>
    </ClCompile>
    <ClCompile Include="vector\vector2D.cpp">
      <Filter>Vector</Filter>
    </ClCompile>
    <ClCompile Include="math\GameMathHelp.cpp">
      <Filter>math</Filter>
    </ClCompile>
    <ClCompile Include="math\myMath.cpp">
      <Filter>math</Filter>
    </ClCompile>
    <ClCompile Include="AABB.cpp" />
  </ItemGroup>
  <ItemGroup>
    <ClInclude Include="Camera.h" />
    <ClInclude Include="Control.h" />
    <ClInclude Include="GameAsset.h" />
    <ClInclude Include="GameObject.h" />
    <ClInclude Include="GameStatus.h" />
    <ClInclude Include="GameTime.h" />
    <ClInclude Include="Graphics.h" />
    <ClInclude Include="LuaScript.h" />
    <ClInclude Include="ParticleEmmitter.h" />
    <ClInclude Include="singleton.h" />
    <ClInclude Include="singletons.h" />
    <ClInclude Include="Terrain.h" />
    <ClInclude Include="World.h" />
    <ClInclude Include="textureHandler\bmpLoader.h">
      <Filter>textrueHandle</Filter>
    </ClInclude>
    <ClInclude Include="textureHandler\image.h">
      <Filter>textrueHandle</Filter>
    </ClInclude>
    <ClInclude Include="textureHandler\imageFactory.h">
      <Filter>textrueHandle</Filter>
    </ClInclude>
    <ClInclude Include="textureHandler\multitexture.h">
      <Filter>textrueHandle</Filter>
    </ClInclude>
    <ClInclude Include="Texture.h">
      <Filter>textrueHandle</Filter>
    </ClInclude>
    <ClInclude Include="textureHandler\textureGenerator.h">
      <Filter>textrueHandle</Filter>
    </ClInclude>
    <ClInclude Include="textureHandler\textureManager.h">
      <Filter>textrueHandle</Filter>
    </ClInclude>
    <ClInclude Include="TextureMap.h">
      <Filter>textrueHandle</Filter>
    </ClInclude>
    <ClInclude Include="textureHandler\tgaLoader.h">
      <Filter>textrueHandle</Filter>
    </ClInclude>
    <ClInclude Include="textureHandler\pcx.h">
      <Filter>textrueHandle</Filter>
    </ClInclude>
    <ClInclude Include="AssimpLoader.h">
      <Filter>AssimpLoader</Filter>
    </ClInclude>
    <ClInclude Include="Mesh.h">
      <Filter>AssimpLoader</Filter>
    </ClInclude>
    <ClInclude Include="MD2Loader\md2Header.h">
      <Filter>MD2Loader</Filter>
    </ClInclude>
    <ClInclude Include="MD2Loader\md2Loader.h">
      <Filter>MD2Loader</Filter>
    </ClInclude>
    <ClInclude Include="vector\vector.h">
      <Filter>Vector</Filter>
    </ClInclude>
    <ClInclude Include="vector\vector2D.h">
      <Filter>Vector</Filter>
    </ClInclude>
    <ClInclude Include="math\GameMathHelp.h">
      <Filter>math</Filter>
    </ClInclude>
    <ClInclude Include="math\myMath.h">
      <Filter>math</Filter>
    </ClInclude>
    <ClInclude Include="math\timer.h">
      <Filter>math</Filter>
    </ClInclude>
    <ClInclude Include="AABB.h" />
  </ItemGroup>
  <ItemGroup>
    <None Include="GameFiles.lua" />
    <None Include="terrain.lua" />
  </ItemGroup>
  <ItemGroup>
    <Filter Include="textrueHandle">
      <UniqueIdentifier>{e30527de-b2ff-4663-8f63-0155a2d85165}</UniqueIdentifier>
    </Filter>
    <Filter Include="AssimpLoader">
      <UniqueIdentifier>{eefd9df0-9100-4ae2-985f-aea4eaf6cbf6}</UniqueIdentifier>
    </Filter>
    <Filter Include="MD2Loader">
      <UniqueIdentifier>{f0db3911-cc28-4fdd-82f3-7f2c1af7ddd8}</UniqueIdentifier>
    </Filter>
    <Filter Include="Vector">
      <UniqueIdentifier>{fb756959-111e-4de8-91ec-645f9e5b90e5}</UniqueIdentifier>
    </Filter>
    <Filter Include="math">
      <UniqueIdentifier>{040b23de-d6a3-43f4-b7af-1762770fcff6}</UniqueIdentifier>
    </Filter>
  </ItemGroup>
</Project>